FORGE
  remote: https://forgeapi.puppetlabs.com
  specs:
    maestrodev-wget (1.5.6)
    nanliu-staging (1.0.2)
    puppetlabs-apt (1.7.0)
      puppetlabs-stdlib (>= 2.2.1)
    puppetlabs-gcc (0.2.0)
    puppetlabs-stdlib (4.4.0)
    sensu-sensu (1.3.1)
      maestrodev-wget (>= 1.4.5)
      puppetlabs-apt (>= 0.0.1)
      puppetlabs-stdlib (>= 0.0.1)
    thomasvandoren-redis (0.10.0)
      maestrodev-wget (>= 1.1.0)
      puppetlabs-gcc (>= 0.0.3)

GIT
  remote: git://github.com/Yelp/puppet-uchiwa.git
  ref: master
  sha: f479de1756060e889cf433e37d202537865acba0
  specs:
    yelp-uchiwa (0.3.0)
      puppetlabs-apt (>= 0)
      puppetlabs-stdlib (>= 0)

GIT
  remote: git://github.com/jbussdieker/puppet-monit.git
  ref: master
  sha: ba6467384626470d51825fa754a7e04ea1bf75d2
  specs:
    jbussdieker-monit (0.0.4)

GIT
  remote: git://github.com/puppetlabs/puppetlabs-rabbitmq
  ref: master
  sha: 7671f32c13ef4cad0e930d4c33442c5ce797f10a
  specs:
    puppetlabs-rabbitmq (4.1.0)
      nanliu-staging (>= 0.3.1)
      puppetlabs-apt (>= 1.0.0)
      puppetlabs-stdlib (>= 2.0.0)

DEPENDENCIES
  jbussdieker-monit (>= 0)
  puppetlabs-rabbitmq (>= 0)
  sensu-sensu (>= 0)
  thomasvandoren-redis (>= 0)
  yelp-uchiwa (>= 0)

